{
  "nodes": {
    "fenix": {
      "inputs": {
        "nixpkgs": [
          "nixpkgs"
        ],
        "rust-analyzer-src": "rust-analyzer-src"
      },
      "locked": {
        "lastModified": 1782732035,
        "narHash": "sha256-oREqdReAdtbMW5WFcVFDg7NM4b6rmJQglZ+sxC+CwDs=",
        "owner": "nix-community",
        "repo": "fenix",
        "rev": "1748a8592edbdcbe8a2317ddc237b47a27932578",
        "type": "github"
      },
      "original": {
        "owner": "nix-community",
        "repo": "fenix",
        "type": "github"
      }
    },
    "nixpkgs": {
      "locked": {
        "lastModified": 1782535326,
        "narHash": "sha256-ZeRxu4yn6shd3SNF5ZUQb4r7BaVo1zBKMjRhfoNSBmw=",
        "owner": "NixOS",
        "repo": "nixpkgs",
        "rev": "714a5f8c4ead6b31148d829288440ed033ccc041",
        "type": "github"
      },
      "original": {
        "owner": "NixOS",
        "ref": "nixos-26.05",
        "repo": "nixpkgs",
        "type": "github"
      }
    },
    "nixpkgs-unstable": {
      "locked": {
        "lastModified": 1782636521,
        "narHash": "sha256-OG8laCOGtkxlB1JH3XqOnXxnkGJme4mQdXo5hkhCQIY=",
        "owner": "NixOS",
        "repo": "nixpkgs",
        "rev": "e1c1b84752fb0897897380a3cae9dc7fcab91ca3",
        "type": "github"
      },
      "original": {
        "owner": "NixOS",
        "ref": "nixpkgs-unstable",
        "repo": "nixpkgs",
        "type": "github"
      }
    },
    "root": {
      "inputs": {
        "fenix": "fenix",
        "nixpkgs": "nixpkgs",
        "nixpkgs-unstable": "nixpkgs-unstable"
      }
    },
    "rust-analyzer-src": {
      "flake": false,
      "locked": {
        "lastModified": 1782691063,
        "narHash": "sha256-qtAe8z4KKLIe/oKu4tc2bmaB+wEG/jjPrebR34WY0zg=",
        "owner": "rust-lang",
        "repo": "rust-analyzer",
        "rev": "972c4e7bee140acd27e26b3e04673bfd05302f89",
        "type": "github"
      },
      "original": {
        "owner": "rust-lang",
        "ref": "nightly",
        "repo": "rust-analyzer",
        "type": "github"
      }
    }
  },
  "root": "root",
  "version": 7
}
